
Microsoft Visual Studio Solution File, Format Version 12.00
# Visual Studio Version 17
VisualStudioVersion = 17.5.33424.131
MinimumVisualStudioVersion = 10.0.40219.1
Project("{FAE04EC0-301F-11D3-BF4B-00C04F79EFBC}") = "Task1", "HWModule9\Task1.csproj", "{F293A7FD-F6BE-4A60-BC09-E9D0BCEBAF0F}"
EndProject
Project("{FAE04EC0-301F-11D3-BF4B-00C04F79EFBC}") = "Task2", "Task2\Task2.csproj", "{309D7662-C011-4302-9949-B4098BF2B782}"
EndProject
Project("{FAE04EC0-301F-11D3-BF4B-00C04F79EFBC}") = "Task3", "Task3\Task3.csproj", "{EC9695B4-A840-4E1E-85C1-1DAAE947313E}"
EndProject
Global
	GlobalSection(SolutionConfigurationPlatforms) = preSolution
		Debug|Any CPU = Debug|Any CPU
		Release|Any CPU = Release|Any CPU
	EndGlobalSection
	GlobalSection(ProjectConfigurationPlatforms) = postSolution
		{F293A7FD-F6BE-4A60-BC09-E9D0BCEBAF0F}.Debug|Any CPU.ActiveCfg = Debug|Any CPU
		{F293A7FD-F6BE-4A60-BC09-E9D0BCEBAF0F}.Debug|Any CPU.Build.0 = Debug|Any CPU
		{F293A7FD-F6BE-4A60-BC09-E9D0BCEBAF0F}.Release|Any CPU.ActiveCfg = Release|Any CPU
		{F293A7FD-F6BE-4A60-BC09-E9D0BCEBAF0F}.Release|Any CPU.Build.0 = Release|Any CPU
		{309D7662-C011-4302-9949-B4098BF2B782}.Debug|Any CPU.ActiveCfg = Debug|Any CPU
		{309D7662-C011-4302-9949-B4098BF2B782}.Debug|Any CPU.Build.0 = Debug|Any CPU
		{309D7662-C011-4302-9949-B4098BF2B782}.Release|Any CPU.ActiveCfg = Release|Any CPU
		{309D7662-C011-4302-9949-B4098BF2B782}.Release|Any CPU.Build.0 = Release|Any CPU
		{EC9695B4-A840-4E1E-85C1-1DAAE947313E}.Debug|Any CPU.ActiveCfg = Debug|Any CPU
		{EC9695B4-A840-4E1E-85C1-1DAAE947313E}.Debug|Any CPU.Build.0 = Debug|Any CPU
		{EC9695B4-A840-4E1E-85C1-1DAAE947313E}.Release|Any CPU.ActiveCfg = Release|Any CPU
		{EC9695B4-A840-4E1E-85C1-1DAAE947313E}.Release|Any CPU.Build.0 = Release|Any CPU
	EndGlobalSection
	GlobalSection(SolutionProperties) = preSolution
		HideSolutionNode = FALSE
	EndGlobalSection
	GlobalSection(ExtensibilityGlobals) = postSolution
		SolutionGuid = {7F025A35-FBB8-4AE9-AF53-B1C019665F77}
	EndGlobalSection
EndGlobal
